{
  "name": "moviebooking",
  "lockfileVersion": 3,
  "requires": true,
  "packages": {
    "": {
      "dependencies": {
        "b2a": "^1.1.2",
        "uuid-token-generator": "^1.0.0",
        "uuidv4": "^6.2.13"
      }
    },
    "node_modules/@types/uuid": {
      "version": "8.3.4",
      "resolved": "https://registry.npmjs.org/@types/uuid/-/uuid-8.3.4.tgz",
      "integrity": "sha512-c/I8ZRb51j+pYGAu5CrFMRxqZ2ke4y2grEBO5AUjgSkSk+qT2Ea+OdWElz/OiMf5MNpn2b17kuVBwZLQJXzihw=="
    },
    "node_modules/b2a": {
      "version": "1.1.2",
      "resolved": "https://registry.npmjs.org/b2a/-/b2a-1.1.2.tgz",
      "integrity": "sha512-Ee7SUAyWeIx4ICRygOi7dVlGpHRxynsaLIZwOtHtGKls3LhLchTRk5KrI0O8ioWqy94ikkE8Z2Li3LWNd027/A==",
      "engines": {
        "node": ">=4"
      }
    },
    "node_modules/uuid": {
      "version": "3.4.0",
      "resolved": "https://registry.npmjs.org/uuid/-/uuid-3.4.0.tgz",
      "integrity": "sha512-HjSDRw6gZE5JMggctHBcjVak08+KEVhSIiDzFnT9S9aegmp85S/bReBVTb4QTFaRNptJ9kuYaNhnbNEOkbKb/A==",
      "deprecated": "Please upgrade  to version 7 or higher.  Older versions may use Math.random() in certain circumstances, which is known to be problematic.  See https://v8.dev/blog/math-random for details.",
      "bin": {
        "uuid": "bin/uuid"
      }
    },
    "node_modules/uuid-token-generator": {
      "version": "1.0.0",
      "resolved": "https://registry.npmjs.org/uuid-token-generator/-/uuid-token-generator-1.0.0.tgz",
      "integrity": "sha512-chfbuC/sl9VHdEERTf1bJKTeXOTjk1L6hDZseRN0ZyBoxAK0a/xZNgRm0U2Q+b0muaAOkfSBretAy4q6FElgVQ==",
      "dependencies": {
        "uuid": "^3.0.0"
      },
      "engines": {
        "node": ">=4"
      }
    },
    "node_modules/uuidv4": {
      "version": "6.2.13",
      "resolved": "https://registry.npmjs.org/uuidv4/-/uuidv4-6.2.13.tgz",
      "integrity": "sha512-AXyzMjazYB3ovL3q051VLH06Ixj//Knx7QnUSi1T//Ie3io6CpsPu9nVMOx5MoLWh6xV0B9J0hIaxungxXUbPQ==",
      "dependencies": {
        "@types/uuid": "8.3.4",
        "uuid": "8.3.2"
      }
    },
    "node_modules/uuidv4/node_modules/uuid": {
      "version": "8.3.2",
      "resolved": "https://registry.npmjs.org/uuid/-/uuid-8.3.2.tgz",
      "integrity": "sha512-+NYs2QeMWy+GWFOEm9xnn6HCDp0l7QBD7ml8zLUmJ+93Q5NF0NocErnwkTkXVFNiX3/fpC6afS8Dhb/gz7R7eg==",
      "bin": {
        "uuid": "dist/bin/uuid"
      }
    }
  }
}
